// !$*UTF8*$!
{
	archiveVersion = 1;
	classes = {
	};
	objectVersion = 46;
	objects = {

/* Begin PBXBuildFile section */
		E2004B5E1CD0838C0073C284 /* AppDelegate.swift in Sources */ = {isa = PBXBuildFile; fileRef = E2004B5D1CD0838C0073C284 /* AppDelegate.swift */; };
		E2004B601CD0838C0073C284 /* ViewController.swift in Sources */ = {isa = PBXBuildFile; fileRef = E2004B5F1CD0838C0073C284 /* ViewController.swift */; };
		E2004B631CD0838C0073C284 /* Main.storyboard in Resources */ = {isa = PBXBuildFile; fileRef = E2004B611CD0838C0073C284 /* Main.storyboard */; };
		E2004B651CD0838C0073C284 /* Assets.xcassets in Resources */ = {isa = PBXBuildFile; fileRef = E2004B641CD0838C0073C284 /* Assets.xcassets */; };
		E2004B681CD0838C0073C284 /* LaunchScreen.storyboard in Resources */ = {isa = PBXBuildFile; fileRef = E2004B661CD0838C0073C284 /* LaunchScreen.storyboard */; };
		E2004B731CD0838C0073C284 /* AppGardenIOSClientTests.swift in Sources */ = {isa = PBXBuildFile; fileRef = E2004B721CD0838C0073C284 /* AppGardenIOSClientTests.swift */; };
/* End PBXBuildFile section */

/* Begin PBXContainerItemProxy section */
		E2004B6F1CD0838C0073C284 /* PBXContainerItemProxy */ = {
			isa = PBXContainerItemProxy;
			containerPortal = E2004B521CD0838C0073C284 /* Project object */;
			proxyType = 1;
			remoteGlobalIDString = E2004B591CD0838C0073C284;
			remoteInfo = AppGardenIOSClient;
		};
/* End PBXContainerItemProxy section */

/* Begin PBXFileReference section */
		E2004B5A1CD0838C0073C284 /* AppGardenIOSClient.app */ = {isa = PBXFileReference; explicitFileType = wrapper.application; includeInIndex = 0; path = AppGardenIOSClient.app; sourceTree = BUILT_PRODUCTS_DIR; };
		E2004B5D1CD0838C0073C284 /* AppDelegate.swift */ = {isa = PBXFileReference; lastKnownFileType = sourcecode.swift; path = AppDelegate.swift; sourceTree = "<group>"; };
		E2004B5F1CD0838C0073C284 /* ViewController.swift */ = {isa = PBXFileReference; lastKnownFileType = sourcecode.swift; name = ViewController.swift; path = ../ViewController.swift; sourceTree = "<group>"; };
		E2004B621CD0838C0073C284 /* Base */ = {isa = PBXFileReference; lastKnownFileType = file.storyboard; name = Base; path = Base.lproj/Main.storyboard; sourceTree = "<group>"; };
		E2004B641CD0838C0073C284 /* Assets.xcassets */ = {isa = PBXFileReference; lastKnownFileType = folder.assetcatalog; path = Assets.xcassets; sourceTree = "<group>"; };
		E2004B671CD0838C0073C284 /* Base */ = {isa = PBXFileReference; lastKnownFileType = file.storyboard; name = Base; path = Base.lproj/LaunchScreen.storyboard; sourceTree = "<group>"; };
		E2004B691CD0838C0073C284 /* Info.plist */ = {isa = PBXFileReference; lastKnownFileType = text.plist.xml; path = Info.plist; sourceTree = "<group>"; };
		E2004B6E1CD0838C0073C284 /* AppGardenIOSClientTests.xctest */ = {isa = PBXFileReference; explicitFileType = wrapper.cfbundle; includeInIndex = 0; path = AppGardenIOSClientTests.xctest; sourceTree = BUILT_PRODUCTS_DIR; };
		E2004B721CD0838C0073C284 /* AppGardenIOSClientTests.swift */ = {isa = PBXFileReference; lastKnownFileType = sourcecode.swift; path = AppGardenIOSClientTests.swift; sourceTree = "<group>"; };
		E2004B741CD0838C0073C284 /* Info.plist */ = {isa = PBXFileReference; lastKnownFileType = text.plist.xml; path = Info.plist; sourceTree = "<group>"; };
/* End PBXFileReference section */

/* Begin PBXFrameworksBuildPhase section */
		E2004B571CD0838C0073C284 /* Frameworks */ = {
			isa = PBXFrameworksBuildPhase;
			buildActionMask = 2147483647;
			files = (
			);
			runOnlyForDeploymentPostprocessing = 0;
		};
		E2004B6B1CD0838C0073C284 /* Frameworks */ = {
			isa = PBXFrameworksBuildPhase;
			buildActionMask = 2147483647;
			files = (
			);
			runOnlyForDeploymentPostprocessing = 0;
		};
/* End PBXFrameworksBuildPhase section */

/* Begin PBXGroup section */
		E2004B511CD0838C0073C284 = {
			isa = PBXGroup;
			children = (
				E2004B5C1CD0838C0073C284 /* AppGardenIOSClient */,
				E2004B711CD0838C0073C284 /* AppGardenIOSClientTests */,
				E2004B5B1CD0838C0073C284 /* Products */,
			);
			sourceTree = "<group>";
		};
		E2004B5B1CD0838C0073C284 /* Products */ = {
			isa = PBXGroup;
			children = (
				E2004B5A1CD0838C0073C284 /* AppGardenIOSClient.app */,
				E2004B6E1CD0838C0073C284 /* AppGardenIOSClientTests.xctest */,
			);
			name = Products;
			sourceTree = "<group>";
		};
		E2004B5C1CD0838C0073C284 /* AppGardenIOSClient */ = {
			isa = PBXGroup;
			children = (
				E2004B7F1CD0843C0073C284 /* Controllers */,
				E2004B7E1CD084360073C284 /* Views */,
				E2004B7D1CD084090073C284 /* Models */,
				E2004B801CD084450073C284 /* Stores */,
				E2004B811CD0844C0073C284 /* Helpers */,
				E2004B5D1CD0838C0073C284 /* AppDelegate.swift */,
				E2004B611CD0838C0073C284 /* Main.storyboard */,
				E2004B641CD0838C0073C284 /* Assets.xcassets */,
				E2004B661CD0838C0073C284 /* LaunchScreen.storyboard */,
				E2004B691CD0838C0073C284 /* Info.plist */,
			);
			path = AppGardenIOSClient;
			sourceTree = "<group>";
		};
		E2004B711CD0838C0073C284 /* AppGardenIOSClientTests */ = {
			isa = PBXGroup;
			children = (
				E2004B721CD0838C0073C284 /* AppGardenIOSClientTests.swift */,
				E2004B741CD0838C0073C284 /* Info.plist */,
			);
			path = AppGardenIOSClientTests;
			sourceTree = "<group>";
		};
		E2004B7D1CD084090073C284 /* Models */ = {
			isa = PBXGroup;
			children = (
			);
			path = Models;
			sourceTree = "<group>";
		};
		E2004B7E1CD084360073C284 /* Views */ = {
			isa = PBXGroup;
			children = (
				E2004B5F1CD0838C0073C284 /* ViewController.swift */,
			);
			path = Views;
			sourceTree = "<group>";
		};
		E2004B7F1CD0843C0073C284 /* Controllers */ = {
			isa = PBXGroup;
			children = (
			);
			path = Controllers;
			sourceTree = "<group>";
		};
		E2004B801CD084450073C284 /* Stores */ = {
			isa = PBXGroup;
			children = (
			);
			path = Stores;
			sourceTree = "<group>";
		};
		E2004B811CD0844C0073C284 /* Helpers */ = {
			isa = PBXGroup;
			children = (
			);
			path = Helpers;
			sourceTree = "<group>";
		};
/* End PBXGroup section */

/* Begin PBXNativeTarget section */
		E2004B591CD0838C0073C284 /* AppGardenIOSClient */ = {
			isa = PBXNativeTarget;
			buildConfigurationList = E2004B771CD0838C0073C284 /* Build configuration list for PBXNativeTarget "AppGardenIOSClient" */;
			buildPhases = (
				E2004B561CD0838C0073C284 /* Sources */,
				E2004B571CD0838C0073C284 /* Frameworks */,
				E2004B581CD0838C0073C284 /* Resources */,
			);
			buildRules = (
			);
			dependencies = (
			);
			name = AppGardenIOSClient;
			productName = AppGardenIOSClient;
			productReference = E2004B5A1CD0838C0073C284 /* AppGardenIOSClient.app */;
			productType = "com.apple.product-type.application";
		};
		E2004B6D1CD0838C0073C284 /* AppGardenIOSClientTests */ = {
			isa = PBXNativeTarget;
			buildConfigurationList = E2004B7A1CD0838C0073C284 /* Build configuration list for PBXNativeTarget "AppGardenIOSClientTests" */;
			buildPhases = (
				E2004B6A1CD0838C0073C284 /* Sources */,
				E2004B6B1CD0838C0073C284 /* Frameworks */,
				E2004B6C1CD0838C0073C284 /* Resources */,
			);
			buildRules = (
			);
			dependencies = (
				E2004B701CD0838C0073C284 /* PBXTargetDependency */,
			);
			name = AppGardenIOSClientTests;
			productName = AppGardenIOSClientTests;
			productReference = E2004B6E1CD0838C0073C284 /* AppGardenIOSClientTests.xctest */;
			productType = "com.apple.product-type.bundle.unit-test";
		};
/* End PBXNativeTarget section */

/* Begin PBXProject section */
		E2004B521CD0838C0073C284 /* Project object */ = {
			isa = PBXProject;
			attributes = {
				LastSwiftUpdateCheck = 0730;
				LastUpgradeCheck = 0730;
				ORGANIZATIONNAME = "Xavier Barrufet";
				TargetAttributes = {
					E2004B591CD0838C0073C284 = {
						CreatedOnToolsVersion = 7.3;
					};
					E2004B6D1CD0838C0073C284 = {
						CreatedOnToolsVersion = 7.3;
						TestTargetID = E2004B591CD0838C0073C284;
					};
				};
			};
			buildConfigurationList = E2004B551CD0838C0073C284 /* Build configuration list for PBXProject "AppGardenIOSClient" */;
			compatibilityVersion = "Xcode 3.2";
			developmentRegion = English;
			hasScannedForEncodings = 0;
			knownRegions = (
				en,
				Base,
			);
			mainGroup = E2004B511CD0838C0073C284;
			productRefGroup = E2004B5B1CD0838C0073C284 /* Products */;
			projectDirPath = "";
			projectRoot = "";
			targets = (
				E2004B591CD0838C0073C284 /* AppGardenIOSClient */,
				E2004B6D1CD0838C0073C284 /* AppGardenIOSClientTests */,
			);
		};
/* End PBXProject section */

/* Begin PBXResourcesBuildPhase section */
		E2004B581CD0838C0073C284 /* Resources */ = {
			isa = PBXResourcesBuildPhase;
			buildActionMask = 2147483647;
			files = (
				E2004B681CD0838C0073C284 /* LaunchScreen.storyboard in Resources */,
				E2004B651CD0838C0073C284 /* Assets.xcassets in Resources */,
				E2004B631CD0838C0073C284 /* Main.storyboard in Resources */,
			);
			runOnlyForDeploymentPostprocessing = 0;
		};
		E2004B6C1CD0838C0073C284 /* Resources */ = {
			isa = PBXResourcesBuildPhase;
			buildActionMask = 2147483647;
			files = (
			);
			runOnlyForDeploymentPostprocessing = 0;
		};
/* End PBXResourcesBuildPhase section */

/* Begin PBXSourcesBuildPhase section */
		E2004B561CD0838C0073C284 /* Sources */ = {
			isa = PBXSourcesBuildPhase;
			buildActionMask = 2147483647;
			files = (
				E2004B601CD0838C0073C284 /* ViewController.swift in Sources */,
				E2004B5E1CD0838C0073C284 /* AppDelegate.swift in Sources */,
			);
			runOnlyForDeploymentPostprocessing = 0;
		};
		E2004B6A1CD0838C0073C284 /* Sources */ = {
			isa = PBXSourcesBuildPhase;
			buildActionMask = 2147483647;
			files = (
				E2004B731CD0838C0073C284 /* AppGardenIOSClientTests.swift in Sources */,
			);
			runOnlyForDeploymentPostprocessing = 0;
		};
/* End PBXSourcesBuildPhase section */

/* Begin PBXTargetDependency section */
		E2004B701CD0838C0073C284 /* PBXTargetDependency */ = {
			isa = PBXTargetDependency;
			target = E2004B591CD0838C0073C284 /* AppGardenIOSClient */;
			targetProxy = E2004B6F1CD0838C0073C284 /* PBXContainerItemProxy */;
		};
/* End PBXTargetDependency section */

/* Begin PBXVariantGroup section */
		E2004B611CD0838C0073C284 /* Main.storyboard */ = {
			isa = PBXVariantGroup;
			children = (
				E2004B621CD0838C0073C284 /* Base */,
			);
			name = Main.storyboard;
			sourceTree = "<group>";
		};
		E2004B661CD0838C0073C284 /* LaunchScreen.storyboard */ = {
			isa = PBXVariantGroup;
			children = (
				E2004B671CD0838C0073C284 /* Base */,
			);
			name = LaunchScreen.storyboard;
			sourceTree = "<group>";
		};
/* End PBXVariantGroup section */

/* Begin XCBuildConfiguration section */
		E2004B751CD0838C0073C284 /* Debug */ = {
			isa = XCBuildConfiguration;
			buildSettings = {
				ALWAYS_SEARCH_USER_PATHS = NO;
				CLANG_ANALYZER_NONNULL = YES;
				CLANG_CXX_LANGUAGE_STANDARD = "gnu++0x";
				CLANG_CXX_LIBRARY = "libc++";
				CLANG_ENABLE_MODULES = YES;
				CLANG_ENABLE_OBJC_ARC = YES;
				CLANG_WARN_BOOL_CONVERSION = YES;
				CLANG_WARN_CONSTANT_CONVERSION = YES;
				CLANG_WARN_DIRECT_OBJC_ISA_USAGE = YES_ERROR;
				CLANG_WARN_EMPTY_BODY = YES;
				CLANG_WARN_ENUM_CONVERSION = YES;
				CLANG_WARN_INT_CONVERSION = YES;
				CLANG_WARN_OBJC_ROOT_CLASS = YES_ERROR;
				CLANG_WARN_UNREACHABLE_CODE = YES;
				CLANG_WARN__DUPLICATE_METHOD_MATCH = YES;
				"CODE_SIGN_IDENTITY[sdk=iphoneos*]" = "iPhone Developer";
				COPY_PHASE_STRIP = NO;
				DEBUG_INFORMATION_FORMAT = dwarf;
				ENABLE_STRICT_OBJC_MSGSEND = YES;
				ENABLE_TESTABILITY = YES;
				GCC_C_LANGUAGE_STANDARD = gnu99;
				GCC_DYNAMIC_NO_PIC = NO;
				GCC_NO_COMMON_BLOCKS = YES;
				GCC_OPTIMIZATION_LEVEL = 0;
				GCC_PREPROCESSOR_DEFINITIONS = (
					"DEBUG=1",
					"$(inherited)",
				);
				GCC_WARN_64_TO_32_BIT_CONVERSION = YES;
				GCC_WARN_ABOUT_RETURN_TYPE = YES_ERROR;
				GCC_WARN_UNDECLARED_SELECTOR = YES;
				GCC_WARN_UNINITIALIZED_AUTOS = YES_AGGRESSIVE;
				GCC_WARN_UNUSED_FUNCTION = YES;
				GCC_WARN_UNUSED_VARIABLE = YES;
				IPHONEOS_DEPLOYMENT_TARGET = 9.3;
				MTL_ENABLE_DEBUG_INFO = YES;
				ONLY_ACTIVE_ARCH = YES;
				SDKROOT = iphoneos;
				SWIFT_OPTIMIZATION_LEVEL = "-Onone";
			};
			name = Debug;
		};
		E2004B761CD0838C0073C284 /* Release */ = {
			isa = XCBuildConfiguration;
			buildSettings = {
				ALWAYS_SEARCH_USER_PATHS = NO;
				CLANG_ANALYZER_NONNULL = YES;
				CLANG_CXX_LANGUAGE_STANDARD = "gnu++0x";
				CLANG_CXX_LIBRARY = "libc++";
				CLANG_ENABLE_MODULES = YES;
				CLANG_ENABLE_OBJC_ARC = YES;
				CLANG_WARN_BOOL_CONVERSION = YES;
				CLANG_WARN_CONSTANT_CONVERSION = YES;
				CLANG_WARN_DIRECT_OBJC_ISA_USAGE = YES_ERROR;
				CLANG_WARN_EMPTY_BODY = YES;
				CLANG_WARN_ENUM_CONVERSION = YES;
				CLANG_WARN_INT_CONVERSION = YES;
				CLANG_WARN_OBJC_ROOT_CLASS = YES_ERROR;
				CLANG_WARN_UNREACHABLE_CODE = YES;
				CLANG_WARN__DUPLICATE_METHOD_MATCH = YES;
				"CODE_SIGN_IDENTITY[sdk=iphoneos*]" = "iPhone Developer";
				COPY_PHASE_STRIP = NO;
				DEBUG_INFORMATION_FORMAT = "dwarf-with-dsym";
				ENABLE_NS_ASSERTIONS = NO;
				ENABLE_STRICT_OBJC_MSGSEND = YES;
				GCC_C_LANGUAGE_STANDARD = gnu99;
				GCC_NO_COMMON_BLOCKS = YES;
				GCC_WARN_64_TO_32_BIT_CONVERSION = YES;
				GCC_WARN_ABOUT_RETURN_TYPE = YES_ERROR;
				GCC_WARN_UNDECLARED_SELECTOR = YES;
				GCC_WARN_UNINITIALIZED_AUTOS = YES_AGGRESSIVE;
				GCC_WARN_UNUSED_FUNCTION = YES;
				GCC_WARN_UNUSED_VARIABLE = YES;
				IPHONEOS_DEPLOYMENT_TARGET = 9.3;
				MTL_ENABLE_DEBUG_INFO = NO;
				SDKROOT = iphoneos;
				VALIDATE_PRODUCT = YES;
			};
			name = Release;
		};
		E2004B781CD0838C0073C284 /* Debug */ = {
			isa = XCBuildConfiguration;
			buildSettings = {
				ASSETCATALOG_COMPILER_APPICON_NAME = AppIcon;
				INFOPLIST_FILE = AppGardenIOSClient/Info.plist;
				LD_RUNPATH_SEARCH_PATHS = "$(inherited) @executable_path/Frameworks";
				PRODUCT_BUNDLE_IDENTIFIER = com.gapp.AppGardenIOSClient;
				PRODUCT_NAME = "$(TARGET_NAME)";
				TARGETED_DEVICE_FAMILY = 1;
			};
			name = Debug;
		};
		E2004B791CD0838C0073C284 /* Release */ = {
			isa = XCBuildConfiguration;
			buildSettings = {
				ASSETCATALOG_COMPILER_APPICON_NAME = AppIcon;
				INFOPLIST_FILE = AppGardenIOSClient/Info.plist;
				LD_RUNPATH_SEARCH_PATHS = "$(inherited) @executable_path/Frameworks";
				PRODUCT_BUNDLE_IDENTIFIER = com.gapp.AppGardenIOSClient;
				PRODUCT_NAME = "$(TARGET_NAME)";
				TARGETED_DEVICE_FAMILY = 1;
			};
			name = Release;
		};
		E2004B7B1CD0838C0073C284 /* Debug */ = {
			isa = XCBuildConfiguration;
			buildSettings = {
				BUNDLE_LOADER = "$(TEST_HOST)";
				INFOPLIST_FILE = AppGardenIOSClientTests/Info.plist;
				LD_RUNPATH_SEARCH_PATHS = "$(inherited) @executable_path/Frameworks @loader_path/Frameworks";
				PRODUCT_BUNDLE_IDENTIFIER = com.gapp.AppGardenIOSClientTests;
				PRODUCT_NAME = "$(TARGET_NAME)";
				TEST_HOST = "$(BUILT_PRODUCTS_DIR)/AppGardenIOSClient.app/AppGardenIOSClient";
			};
			name = Debug;
		};
		E2004B7C1CD0838C0073C284 /* Release */ = {
			isa = XCBuildConfiguration;
			buildSettings = {
				BUNDLE_LOADER = "$(TEST_HOST)";
				INFOPLIST_FILE = AppGardenIOSClientTests/Info.plist;
				LD_RUNPATH_SEARCH_PATHS = "$(inherited) @executable_path/Frameworks @loader_path/Frameworks";
				PRODUCT_BUNDLE_IDENTIFIER = com.gapp.AppGardenIOSClientTests;
				PRODUCT_NAME = "$(TARGET_NAME)";
				TEST_HOST = "$(BUILT_PRODUCTS_DIR)/AppGardenIOSClient.app/AppGardenIOSClient";
			};
			name = Release;
		};
/* End XCBuildConfiguration section */

/* Begin XCConfigurationList section */
		E2004B551CD0838C0073C284 /* Build configuration list for PBXProject "AppGardenIOSClient" */ = {
			isa = XCConfigurationList;
			buildConfigurations = (
				E2004B751CD0838C0073C284 /* Debug */,
				E2004B761CD0838C0073C284 /* Release */,
			);
			defaultConfigurationIsVisible = 0;
			defaultConfigurationName = Release;
		};
		E2004B771CD0838C0073C284 /* Build configuration list for PBXNativeTarget "AppGardenIOSClient" */ = {
			isa = XCConfigurationList;
			buildConfigurations = (
				E2004B781CD0838C0073C284 /* Debug */,
				E2004B791CD0838C0073C284 /* Release */,
			);
			defaultConfigurationIsVisible = 0;
		};
		E2004B7A1CD0838C0073C284 /* Build configuration list for PBXNativeTarget "AppGardenIOSClientTests" */ = {
			isa = XCConfigurationList;
			buildConfigurations = (
				E2004B7B1CD0838C0073C284 /* Debug */,
				E2004B7C1CD0838C0073C284 /* Release */,
			);
			defaultConfigurationIsVisible = 0;
		};
/* End XCConfigurationList section */
	};
	rootObject = E2004B521CD0838C0073C284 /* Project object */;
}
